
Microsoft Visual Studio Solution File, Format Version 12.00
# Visual Studio Version 16
VisualStudioVersion = 16.0.30011.22
MinimumVisualStudioVersion = 10.0.40219.1
Project("{FAE04EC0-301F-11D3-BF4B-00C04F79EFBC}") = "Vigener_Cipher", "Vigener_Cipher\Vigener_Cipher.csproj", "{A9E27AD0-AED9-46C1-82B2-993D7A217825}"
EndProject
Global
	GlobalSection(SolutionConfigurationPlatforms) = preSolution
		Debug|Any CPU = Debug|Any CPU
		Release|Any CPU = Release|Any CPU
	EndGlobalSection
	GlobalSection(ProjectConfigurationPlatforms) = postSolution
		{A9E27AD0-AED9-46C1-82B2-993D7A217825}.Debug|Any CPU.ActiveCfg = Debug|Any CPU
		{A9E27AD0-AED9-46C1-82B2-993D7A217825}.Debug|Any CPU.Build.0 = Debug|Any CPU
		{A9E27AD0-AED9-46C1-82B2-993D7A217825}.Release|Any CPU.ActiveCfg = Release|Any CPU
		{A9E27AD0-AED9-46C1-82B2-993D7A217825}.Release|Any CPU.Build.0 = Release|Any CPU
	EndGlobalSection
	GlobalSection(SolutionProperties) = preSolution
		HideSolutionNode = FALSE
	EndGlobalSection
	GlobalSection(ExtensibilityGlobals) = postSolution
		SolutionGuid = {07C403D1-F5B3-4BFF-8C87-2BF082F195FF}
	EndGlobalSection
EndGlobal
